
Microsoft Visual Studio Solution File, Format Version 12.00
# Visual Studio Version 16
VisualStudioVersion = 16.0.32407.337
MinimumVisualStudioVersion = 10.0.40219.1
Project("{9A19103F-16F7-4668-BE54-9A1E7A4F7556}") = "Projeto01Classes", "Projeto01\Projeto01Classes.csproj", "{46412EDF-8324-478B-AC71-3EE424F74815}"
EndProject
Project("{9A19103F-16F7-4668-BE54-9A1E7A4F7556}") = "Projeto02Metodos", "Projeto02\Projeto02Metodos.csproj", "{FF2D93CB-6DE7-4FF0-976B-FBE69D1C61B3}"
EndProject
Project("{9A19103F-16F7-4668-BE54-9A1E7A4F7556}") = "Projeto03ObjectEToString", "Projeto03\Projeto03ObjectEToString.csproj", "{6485043E-7764-472E-9CA9-8F36BAF72C30}"
EndProject
Project("{9A19103F-16F7-4668-BE54-9A1E7A4F7556}") = "Projeto04ClassesAtributosMetodos", "Projeto04\Projeto04ClassesAtributosMetodos.csproj", "{45F32F17-BC6C-4632-A523-0F6260A249B0}"
EndProject
Project("{9A19103F-16F7-4668-BE54-9A1E7A4F7556}") = "Projeto05ClassesAtributosMetodos", "Projeto05\Projeto05ClassesAtributosMetodos.csproj", "{3E284208-C5C6-4433-85BA-895150E3F841}"
EndProject
Project("{9A19103F-16F7-4668-BE54-9A1E7A4F7556}") = "Projeto06ClassesAtributosMetodos", "Projeto06\Projeto06ClassesAtributosMetodos.csproj", "{177596CB-A6A0-43D9-90B5-82F854FA8787}"
EndProject
Project("{9A19103F-16F7-4668-BE54-9A1E7A4F7556}") = "Projeto07MembrosEstaticos", "Projeto07\Projeto07MembrosEstaticos.csproj", "{29AA998D-80E6-4F83-B51A-DB01E307E9BC}"
EndProject
Project("{9A19103F-16F7-4668-BE54-9A1E7A4F7556}") = "Projeto08Construtores", "Projeto08\Projeto08Construtores.csproj", "{7D771CF4-B5EF-4B42-94EE-C02B1A3F142F}"
EndProject
Project("{9A19103F-16F7-4668-BE54-9A1E7A4F7556}") = "Projeto09Sobrecarga", "Projeto09Sobrecarga\Projeto09Sobrecarga.csproj", "{8275BE49-AC62-4FBA-B011-04B4534E9D65}"
EndProject
Project("{9A19103F-16F7-4668-BE54-9A1E7A4F7556}") = "Projeto10SintaxeAlternativa", "Projeto10SintaxeAlternativa\Projeto10SintaxeAlternativa.csproj", "{7FC6CF30-23D5-4472-81D7-03414B178CB6}"
EndProject
Project("{9A19103F-16F7-4668-BE54-9A1E7A4F7556}") = "Projeto11PalavraThis", "Projeto11PalavraThis\Projeto11PalavraThis.csproj", "{262BC226-C8DF-4BE4-8158-ED8E8D5ACAB9}"
EndProject
Project("{9A19103F-16F7-4668-BE54-9A1E7A4F7556}") = "Projeto12Encapsulamento", "Projeto12Encapsulamento\Projeto12Encapsulamento.csproj", "{0BB4AE24-A294-4DC4-99A2-7FA0B757C430}"
EndProject
Project("{9A19103F-16F7-4668-BE54-9A1E7A4F7556}") = "Projeto13Properties", "Projeto13Properties\Projeto13Properties.csproj", "{BFBE2EE8-3FF7-4BAA-9204-BFDE1F6D3B04}"
EndProject
Project("{9A19103F-16F7-4668-BE54-9A1E7A4F7556}") = "Projeto14AutoProperties", "Projeto14AutoProperties\Projeto14AutoProperties.csproj", "{F1654C2E-A0F9-4695-89E9-8A9AD2183138}"
EndProject
Project("{FAE04EC0-301F-11D3-BF4B-00C04F79EFBC}") = "Projeto15ExercicioContaBancaria", "Projeto15ExercicioContaBancaria\Projeto15ExercicioContaBancaria.csproj", "{4B9C47A2-9400-4F0C-9E21-922B88CFFF2D}"
EndProject
Global
	GlobalSection(SolutionConfigurationPlatforms) = preSolution
		Debug|Any CPU = Debug|Any CPU
		Release|Any CPU = Release|Any CPU
	EndGlobalSection
	GlobalSection(ProjectConfigurationPlatforms) = postSolution
		{46412EDF-8324-478B-AC71-3EE424F74815}.Debug|Any CPU.ActiveCfg = Debug|Any CPU
		{46412EDF-8324-478B-AC71-3EE424F74815}.Debug|Any CPU.Build.0 = Debug|Any CPU
		{46412EDF-8324-478B-AC71-3EE424F74815}.Release|Any CPU.ActiveCfg = Release|Any CPU
		{46412EDF-8324-478B-AC71-3EE424F74815}.Release|Any CPU.Build.0 = Release|Any CPU
		{FF2D93CB-6DE7-4FF0-976B-FBE69D1C61B3}.Debug|Any CPU.ActiveCfg = Debug|Any CPU
		{FF2D93CB-6DE7-4FF0-976B-FBE69D1C61B3}.Debug|Any CPU.Build.0 = Debug|Any CPU
		{FF2D93CB-6DE7-4FF0-976B-FBE69D1C61B3}.Release|Any CPU.ActiveCfg = Release|Any CPU
		{FF2D93CB-6DE7-4FF0-976B-FBE69D1C61B3}.Release|Any CPU.Build.0 = Release|Any CPU
		{6485043E-7764-472E-9CA9-8F36BAF72C30}.Debug|Any CPU.ActiveCfg = Debug|Any CPU
		{6485043E-7764-472E-9CA9-8F36BAF72C30}.Debug|Any CPU.Build.0 = Debug|Any CPU
		{6485043E-7764-472E-9CA9-8F36BAF72C30}.Release|Any CPU.ActiveCfg = Release|Any CPU
		{6485043E-7764-472E-9CA9-8F36BAF72C30}.Release|Any CPU.Build.0 = Release|Any CPU
		{45F32F17-BC6C-4632-A523-0F6260A249B0}.Debug|Any CPU.ActiveCfg = Debug|Any CPU
		{45F32F17-BC6C-4632-A523-0F6260A249B0}.Debug|Any CPU.Build.0 = Debug|Any CPU
		{45F32F17-BC6C-4632-A523-0F6260A249B0}.Release|Any CPU.ActiveCfg = Release|Any CPU
		{45F32F17-BC6C-4632-A523-0F6260A249B0}.Release|Any CPU.Build.0 = Release|Any CPU
		{3E284208-C5C6-4433-85BA-895150E3F841}.Debug|Any CPU.ActiveCfg = Debug|Any CPU
		{3E284208-C5C6-4433-85BA-895150E3F841}.Debug|Any CPU.Build.0 = Debug|Any CPU
		{3E284208-C5C6-4433-85BA-895150E3F841}.Release|Any CPU.ActiveCfg = Release|Any CPU
		{3E284208-C5C6-4433-85BA-895150E3F841}.Release|Any CPU.Build.0 = Release|Any CPU
		{177596CB-A6A0-43D9-90B5-82F854FA8787}.Debug|Any CPU.ActiveCfg = Debug|Any CPU
		{177596CB-A6A0-43D9-90B5-82F854FA8787}.Debug|Any CPU.Build.0 = Debug|Any CPU
		{177596CB-A6A0-43D9-90B5-82F854FA8787}.Release|Any CPU.ActiveCfg = Release|Any CPU
		{177596CB-A6A0-43D9-90B5-82F854FA8787}.Release|Any CPU.Build.0 = Release|Any CPU
		{29AA998D-80E6-4F83-B51A-DB01E307E9BC}.Debug|Any CPU.ActiveCfg = Debug|Any CPU
		{29AA998D-80E6-4F83-B51A-DB01E307E9BC}.Debug|Any CPU.Build.0 = Debug|Any CPU
		{29AA998D-80E6-4F83-B51A-DB01E307E9BC}.Release|Any CPU.ActiveCfg = Release|Any CPU
		{29AA998D-80E6-4F83-B51A-DB01E307E9BC}.Release|Any CPU.Build.0 = Release|Any CPU
		{7D771CF4-B5EF-4B42-94EE-C02B1A3F142F}.Debug|Any CPU.ActiveCfg = Debug|Any CPU
		{7D771CF4-B5EF-4B42-94EE-C02B1A3F142F}.Debug|Any CPU.Build.0 = Debug|Any CPU
		{7D771CF4-B5EF-4B42-94EE-C02B1A3F142F}.Release|Any CPU.ActiveCfg = Release|Any CPU
		{7D771CF4-B5EF-4B42-94EE-C02B1A3F142F}.Release|Any CPU.Build.0 = Release|Any CPU
		{8275BE49-AC62-4FBA-B011-04B4534E9D65}.Debug|Any CPU.ActiveCfg = Debug|Any CPU
		{8275BE49-AC62-4FBA-B011-04B4534E9D65}.Debug|Any CPU.Build.0 = Debug|Any CPU
		{8275BE49-AC62-4FBA-B011-04B4534E9D65}.Release|Any CPU.ActiveCfg = Release|Any CPU
		{8275BE49-AC62-4FBA-B011-04B4534E9D65}.Release|Any CPU.Build.0 = Release|Any CPU
		{7FC6CF30-23D5-4472-81D7-03414B178CB6}.Debug|Any CPU.ActiveCfg = Debug|Any CPU
		{7FC6CF30-23D5-4472-81D7-03414B178CB6}.Debug|Any CPU.Build.0 = Debug|Any CPU
		{7FC6CF30-23D5-4472-81D7-03414B178CB6}.Release|Any CPU.ActiveCfg = Release|Any CPU
		{7FC6CF30-23D5-4472-81D7-03414B178CB6}.Release|Any CPU.Build.0 = Release|Any CPU
		{262BC226-C8DF-4BE4-8158-ED8E8D5ACAB9}.Debug|Any CPU.ActiveCfg = Debug|Any CPU
		{262BC226-C8DF-4BE4-8158-ED8E8D5ACAB9}.Debug|Any CPU.Build.0 = Debug|Any CPU
		{262BC226-C8DF-4BE4-8158-ED8E8D5ACAB9}.Release|Any CPU.ActiveCfg = Release|Any CPU
		{262BC226-C8DF-4BE4-8158-ED8E8D5ACAB9}.Release|Any CPU.Build.0 = Release|Any CPU
		{0BB4AE24-A294-4DC4-99A2-7FA0B757C430}.Debug|Any CPU.ActiveCfg = Debug|Any CPU
		{0BB4AE24-A294-4DC4-99A2-7FA0B757C430}.Debug|Any CPU.Build.0 = Debug|Any CPU
		{0BB4AE24-A294-4DC4-99A2-7FA0B757C430}.Release|Any CPU.ActiveCfg = Release|Any CPU
		{0BB4AE24-A294-4DC4-99A2-7FA0B757C430}.Release|Any CPU.Build.0 = Release|Any CPU
		{BFBE2EE8-3FF7-4BAA-9204-BFDE1F6D3B04}.Debug|Any CPU.ActiveCfg = Debug|Any CPU
		{BFBE2EE8-3FF7-4BAA-9204-BFDE1F6D3B04}.Debug|Any CPU.Build.0 = Debug|Any CPU
		{BFBE2EE8-3FF7-4BAA-9204-BFDE1F6D3B04}.Release|Any CPU.ActiveCfg = Release|Any CPU
		{BFBE2EE8-3FF7-4BAA-9204-BFDE1F6D3B04}.Release|Any CPU.Build.0 = Release|Any CPU
		{F1654C2E-A0F9-4695-89E9-8A9AD2183138}.Debug|Any CPU.ActiveCfg = Debug|Any CPU
		{F1654C2E-A0F9-4695-89E9-8A9AD2183138}.Debug|Any CPU.Build.0 = Debug|Any CPU
		{F1654C2E-A0F9-4695-89E9-8A9AD2183138}.Release|Any CPU.ActiveCfg = Release|Any CPU
		{F1654C2E-A0F9-4695-89E9-8A9AD2183138}.Release|Any CPU.Build.0 = Release|Any CPU
		{4B9C47A2-9400-4F0C-9E21-922B88CFFF2D}.Debug|Any CPU.ActiveCfg = Debug|Any CPU
		{4B9C47A2-9400-4F0C-9E21-922B88CFFF2D}.Debug|Any CPU.Build.0 = Debug|Any CPU
		{4B9C47A2-9400-4F0C-9E21-922B88CFFF2D}.Release|Any CPU.ActiveCfg = Release|Any CPU
		{4B9C47A2-9400-4F0C-9E21-922B88CFFF2D}.Release|Any CPU.Build.0 = Release|Any CPU
	EndGlobalSection
	GlobalSection(SolutionProperties) = preSolution
		HideSolutionNode = FALSE
	EndGlobalSection
	GlobalSection(ExtensibilityGlobals) = postSolution
		SolutionGuid = {88FB3922-421E-447C-AC54-02AB064F2F89}
	EndGlobalSection
EndGlobal
