
Microsoft Visual Studio Solution File, Format Version 12.00
# Visual Studio Version 17
VisualStudioVersion = 17.1.32421.90
MinimumVisualStudioVersion = 10.0.40219.1
Project("{9A19103F-16F7-4668-BE54-9A1E7A4F7556}") = "Aula01ClassesAtributosMetodos", "Aula01ClassesAtributosMetodos\Aula01ClassesAtributosMetodos.csproj", "{F23239FC-D1E1-461C-86AF-D513A45BF354}"
EndProject
Project("{9A19103F-16F7-4668-BE54-9A1E7A4F7556}") = "Aula02ClassesAtributosMetodos", "Aula02ClassesAtributosMetodos\Aula02ClassesAtributosMetodos.csproj", "{975CD1AE-5EA2-41C8-B3AB-50EF91159C1A}"
EndProject
Project("{9A19103F-16F7-4668-BE54-9A1E7A4F7556}") = "Aula04ClassesAtributosMetodos", "Aula04ClassesAtributosMetodos\Aula04ClassesAtributosMetodos.csproj", "{06A21BBE-2460-4BB7-ADB7-980370CD6C54}"
EndProject
Project("{9A19103F-16F7-4668-BE54-9A1E7A4F7556}") = "Aula05ClassesAtributosMetodos", "Aula05ClassesAtributosMetodos\Aula05ClassesAtributosMetodos.csproj", "{0403BCC2-B6C6-470A-9ED2-55F2EADF5000}"
EndProject
Project("{9A19103F-16F7-4668-BE54-9A1E7A4F7556}") = "Aula03ClassesAtributosMetodos", "Aula03ClassesAtributosMetodos\Aula03ClassesAtributosMetodos.csproj", "{0B10054F-DD68-408B-832F-AF5CA9A03884}"
EndProject
Project("{9A19103F-16F7-4668-BE54-9A1E7A4F7556}") = "Aula06ClassesAtributosMetodos", "Aula06ClassesAtributosMetodos\Aula06ClassesAtributosMetodos.csproj", "{E545E3AB-147A-4101-8001-05ED7D8E563A}"
EndProject
Project("{9A19103F-16F7-4668-BE54-9A1E7A4F7556}") = "Aula07MembrosEstaticos", "Aula07MembrosEstaticos\Aula07MembrosEstaticos.csproj", "{A7CA0E68-9553-48CF-A42B-4A362116BB50}"
EndProject
Project("{9A19103F-16F7-4668-BE54-9A1E7A4F7556}") = "Aula08ExercicioDeFixacao", "Aula08ExercicioDeFixacao\Aula08ExercicioDeFixacao.csproj", "{3C998A32-B3C4-4D4B-9D2F-AEE41C18F853}"
EndProject
Project("{9A19103F-16F7-4668-BE54-9A1E7A4F7556}") = "Aula09TiposReferenciaETiposValor", "Aula09TiposReferenciaETiposValor\Aula09TiposReferenciaETiposValor.csproj", "{6061EB6D-9C4F-40F4-9F87-5F704157A3C7}"
EndProject
Project("{9A19103F-16F7-4668-BE54-9A1E7A4F7556}") = "Aula10Vetores", "Aula10Vetores\Aula10Vetores.csproj", "{6CC3E630-7BD6-409A-9F08-77EEE0BB2C04}"
EndProject
Project("{9A19103F-16F7-4668-BE54-9A1E7A4F7556}") = "Aula11Vetores", "Aula11Vetores\Aula11Vetores.csproj", "{687FD8DE-382A-4894-8DE2-C4A5C9F31E9B}"
EndProject
Project("{9A19103F-16F7-4668-BE54-9A1E7A4F7556}") = "Aula12ExercicioDeFixacao", "Aula12ExercicioDeFixacao\Aula12ExercicioDeFixacao.csproj", "{6C504A2B-EE11-48EA-8C73-03C3D132529E}"
EndProject
Project("{9A19103F-16F7-4668-BE54-9A1E7A4F7556}") = "Aula13ExercicoDeLista", "Aula13ExercicoDeLista\Aula13ExercicoDeLista.csproj", "{27F21353-B1EB-47A9-9DC1-D9F8FC35D68B}"
EndProject
Project("{9A19103F-16F7-4668-BE54-9A1E7A4F7556}") = "Aula14ExercicioMatrizes", "Aula14ExercicioMatrizes\Aula14ExercicioMatrizes.csproj", "{8F82B458-0597-4055-B482-845B7AD066A3}"
EndProject
Project("{9A19103F-16F7-4668-BE54-9A1E7A4F7556}") = "Aula15ExercicioMatrizes", "Aula15ExercicioMatrizes\Aula15ExercicioMatrizes.csproj", "{09A97554-9DA1-4610-995E-F625375E7CB7}"
EndProject
Project("{9A19103F-16F7-4668-BE54-9A1E7A4F7556}") = "Aula16ExercicioEnumComposicao", "Aula16ExercicioEnumComposicao\Aula16ExercicioEnumComposicao.csproj", "{7E399D80-C17E-430D-B2BF-88E19E4F0602}"
EndProject
Project("{9A19103F-16F7-4668-BE54-9A1E7A4F7556}") = "Aula17ExercicioHerancaEPolimorfismo", "Aula17ExercicioHerancaEPolimorfismo\Aula17ExercicioHerancaEPolimorfismo.csproj", "{46B4BA40-F8F1-4745-AA71-B638AEAA67F6}"
EndProject
Project("{FAE04EC0-301F-11D3-BF4B-00C04F79EFBC}") = "Aula18ExercicioHerancaEPolimorfismo", "Aula18ExercicioHerancaEPolimorfismo\Aula18ExercicioHerancaEPolimorfismo.csproj", "{BCCA6DE3-C4DB-41FD-BE70-6C91CD4DF99B}"
EndProject
Global
	GlobalSection(SolutionConfigurationPlatforms) = preSolution
		Debug|Any CPU = Debug|Any CPU
		Release|Any CPU = Release|Any CPU
	EndGlobalSection
	GlobalSection(ProjectConfigurationPlatforms) = postSolution
		{F23239FC-D1E1-461C-86AF-D513A45BF354}.Debug|Any CPU.ActiveCfg = Debug|Any CPU
		{F23239FC-D1E1-461C-86AF-D513A45BF354}.Debug|Any CPU.Build.0 = Debug|Any CPU
		{F23239FC-D1E1-461C-86AF-D513A45BF354}.Release|Any CPU.ActiveCfg = Release|Any CPU
		{F23239FC-D1E1-461C-86AF-D513A45BF354}.Release|Any CPU.Build.0 = Release|Any CPU
		{975CD1AE-5EA2-41C8-B3AB-50EF91159C1A}.Debug|Any CPU.ActiveCfg = Debug|Any CPU
		{975CD1AE-5EA2-41C8-B3AB-50EF91159C1A}.Debug|Any CPU.Build.0 = Debug|Any CPU
		{975CD1AE-5EA2-41C8-B3AB-50EF91159C1A}.Release|Any CPU.ActiveCfg = Release|Any CPU
		{975CD1AE-5EA2-41C8-B3AB-50EF91159C1A}.Release|Any CPU.Build.0 = Release|Any CPU
		{06A21BBE-2460-4BB7-ADB7-980370CD6C54}.Debug|Any CPU.ActiveCfg = Debug|Any CPU
		{06A21BBE-2460-4BB7-ADB7-980370CD6C54}.Debug|Any CPU.Build.0 = Debug|Any CPU
		{06A21BBE-2460-4BB7-ADB7-980370CD6C54}.Release|Any CPU.ActiveCfg = Release|Any CPU
		{06A21BBE-2460-4BB7-ADB7-980370CD6C54}.Release|Any CPU.Build.0 = Release|Any CPU
		{0403BCC2-B6C6-470A-9ED2-55F2EADF5000}.Debug|Any CPU.ActiveCfg = Debug|Any CPU
		{0403BCC2-B6C6-470A-9ED2-55F2EADF5000}.Debug|Any CPU.Build.0 = Debug|Any CPU
		{0403BCC2-B6C6-470A-9ED2-55F2EADF5000}.Release|Any CPU.ActiveCfg = Release|Any CPU
		{0403BCC2-B6C6-470A-9ED2-55F2EADF5000}.Release|Any CPU.Build.0 = Release|Any CPU
		{0B10054F-DD68-408B-832F-AF5CA9A03884}.Debug|Any CPU.ActiveCfg = Debug|Any CPU
		{0B10054F-DD68-408B-832F-AF5CA9A03884}.Debug|Any CPU.Build.0 = Debug|Any CPU
		{0B10054F-DD68-408B-832F-AF5CA9A03884}.Release|Any CPU.ActiveCfg = Release|Any CPU
		{0B10054F-DD68-408B-832F-AF5CA9A03884}.Release|Any CPU.Build.0 = Release|Any CPU
		{E545E3AB-147A-4101-8001-05ED7D8E563A}.Debug|Any CPU.ActiveCfg = Debug|Any CPU
		{E545E3AB-147A-4101-8001-05ED7D8E563A}.Debug|Any CPU.Build.0 = Debug|Any CPU
		{E545E3AB-147A-4101-8001-05ED7D8E563A}.Release|Any CPU.ActiveCfg = Release|Any CPU
		{E545E3AB-147A-4101-8001-05ED7D8E563A}.Release|Any CPU.Build.0 = Release|Any CPU
		{A7CA0E68-9553-48CF-A42B-4A362116BB50}.Debug|Any CPU.ActiveCfg = Debug|Any CPU
		{A7CA0E68-9553-48CF-A42B-4A362116BB50}.Debug|Any CPU.Build.0 = Debug|Any CPU
		{A7CA0E68-9553-48CF-A42B-4A362116BB50}.Release|Any CPU.ActiveCfg = Release|Any CPU
		{A7CA0E68-9553-48CF-A42B-4A362116BB50}.Release|Any CPU.Build.0 = Release|Any CPU
		{3C998A32-B3C4-4D4B-9D2F-AEE41C18F853}.Debug|Any CPU.ActiveCfg = Debug|Any CPU
		{3C998A32-B3C4-4D4B-9D2F-AEE41C18F853}.Debug|Any CPU.Build.0 = Debug|Any CPU
		{3C998A32-B3C4-4D4B-9D2F-AEE41C18F853}.Release|Any CPU.ActiveCfg = Release|Any CPU
		{3C998A32-B3C4-4D4B-9D2F-AEE41C18F853}.Release|Any CPU.Build.0 = Release|Any CPU
		{6061EB6D-9C4F-40F4-9F87-5F704157A3C7}.Debug|Any CPU.ActiveCfg = Debug|Any CPU
		{6061EB6D-9C4F-40F4-9F87-5F704157A3C7}.Debug|Any CPU.Build.0 = Debug|Any CPU
		{6061EB6D-9C4F-40F4-9F87-5F704157A3C7}.Release|Any CPU.ActiveCfg = Release|Any CPU
		{6061EB6D-9C4F-40F4-9F87-5F704157A3C7}.Release|Any CPU.Build.0 = Release|Any CPU
		{6CC3E630-7BD6-409A-9F08-77EEE0BB2C04}.Debug|Any CPU.ActiveCfg = Debug|Any CPU
		{6CC3E630-7BD6-409A-9F08-77EEE0BB2C04}.Debug|Any CPU.Build.0 = Debug|Any CPU
		{6CC3E630-7BD6-409A-9F08-77EEE0BB2C04}.Release|Any CPU.ActiveCfg = Release|Any CPU
		{6CC3E630-7BD6-409A-9F08-77EEE0BB2C04}.Release|Any CPU.Build.0 = Release|Any CPU
		{687FD8DE-382A-4894-8DE2-C4A5C9F31E9B}.Debug|Any CPU.ActiveCfg = Debug|Any CPU
		{687FD8DE-382A-4894-8DE2-C4A5C9F31E9B}.Debug|Any CPU.Build.0 = Debug|Any CPU
		{687FD8DE-382A-4894-8DE2-C4A5C9F31E9B}.Release|Any CPU.ActiveCfg = Release|Any CPU
		{687FD8DE-382A-4894-8DE2-C4A5C9F31E9B}.Release|Any CPU.Build.0 = Release|Any CPU
		{6C504A2B-EE11-48EA-8C73-03C3D132529E}.Debug|Any CPU.ActiveCfg = Debug|Any CPU
		{6C504A2B-EE11-48EA-8C73-03C3D132529E}.Debug|Any CPU.Build.0 = Debug|Any CPU
		{6C504A2B-EE11-48EA-8C73-03C3D132529E}.Release|Any CPU.ActiveCfg = Release|Any CPU
		{6C504A2B-EE11-48EA-8C73-03C3D132529E}.Release|Any CPU.Build.0 = Release|Any CPU
		{27F21353-B1EB-47A9-9DC1-D9F8FC35D68B}.Debug|Any CPU.ActiveCfg = Debug|Any CPU
		{27F21353-B1EB-47A9-9DC1-D9F8FC35D68B}.Debug|Any CPU.Build.0 = Debug|Any CPU
		{27F21353-B1EB-47A9-9DC1-D9F8FC35D68B}.Release|Any CPU.ActiveCfg = Release|Any CPU
		{27F21353-B1EB-47A9-9DC1-D9F8FC35D68B}.Release|Any CPU.Build.0 = Release|Any CPU
		{8F82B458-0597-4055-B482-845B7AD066A3}.Debug|Any CPU.ActiveCfg = Debug|Any CPU
		{8F82B458-0597-4055-B482-845B7AD066A3}.Debug|Any CPU.Build.0 = Debug|Any CPU
		{8F82B458-0597-4055-B482-845B7AD066A3}.Release|Any CPU.ActiveCfg = Release|Any CPU
		{8F82B458-0597-4055-B482-845B7AD066A3}.Release|Any CPU.Build.0 = Release|Any CPU
		{09A97554-9DA1-4610-995E-F625375E7CB7}.Debug|Any CPU.ActiveCfg = Debug|Any CPU
		{09A97554-9DA1-4610-995E-F625375E7CB7}.Debug|Any CPU.Build.0 = Debug|Any CPU
		{09A97554-9DA1-4610-995E-F625375E7CB7}.Release|Any CPU.ActiveCfg = Release|Any CPU
		{09A97554-9DA1-4610-995E-F625375E7CB7}.Release|Any CPU.Build.0 = Release|Any CPU
		{7E399D80-C17E-430D-B2BF-88E19E4F0602}.Debug|Any CPU.ActiveCfg = Debug|Any CPU
		{7E399D80-C17E-430D-B2BF-88E19E4F0602}.Debug|Any CPU.Build.0 = Debug|Any CPU
		{7E399D80-C17E-430D-B2BF-88E19E4F0602}.Release|Any CPU.ActiveCfg = Release|Any CPU
		{7E399D80-C17E-430D-B2BF-88E19E4F0602}.Release|Any CPU.Build.0 = Release|Any CPU
		{46B4BA40-F8F1-4745-AA71-B638AEAA67F6}.Debug|Any CPU.ActiveCfg = Debug|Any CPU
		{46B4BA40-F8F1-4745-AA71-B638AEAA67F6}.Debug|Any CPU.Build.0 = Debug|Any CPU
		{46B4BA40-F8F1-4745-AA71-B638AEAA67F6}.Release|Any CPU.ActiveCfg = Release|Any CPU
		{46B4BA40-F8F1-4745-AA71-B638AEAA67F6}.Release|Any CPU.Build.0 = Release|Any CPU
		{BCCA6DE3-C4DB-41FD-BE70-6C91CD4DF99B}.Debug|Any CPU.ActiveCfg = Debug|Any CPU
		{BCCA6DE3-C4DB-41FD-BE70-6C91CD4DF99B}.Debug|Any CPU.Build.0 = Debug|Any CPU
		{BCCA6DE3-C4DB-41FD-BE70-6C91CD4DF99B}.Release|Any CPU.ActiveCfg = Release|Any CPU
		{BCCA6DE3-C4DB-41FD-BE70-6C91CD4DF99B}.Release|Any CPU.Build.0 = Release|Any CPU
	EndGlobalSection
	GlobalSection(SolutionProperties) = preSolution
		HideSolutionNode = FALSE
	EndGlobalSection
	GlobalSection(ExtensibilityGlobals) = postSolution
		SolutionGuid = {E72A8A76-6555-4DF5-A199-6B03A201A7A9}
	EndGlobalSection
EndGlobal
